
Microsoft Visual Studio Solution File, Format Version 11.00
# Visual Studio 2010
Project("{FAE04EC0-301F-11D3-BF4B-00C04F79EFBC}") = "Tortilla", "Tortilla\Tortilla.csproj", "{012D5570-61D3-4E5B-BFA9-40C719C432DC}"
EndProject
Global
	GlobalSection(SolutionConfigurationPlatforms) = preSolution
		Debug|Any CPU = Debug|Any CPU
		Release|Any CPU = Release|Any CPU
	EndGlobalSection
	GlobalSection(ProjectConfigurationPlatforms) = postSolution
		{012D5570-61D3-4E5B-BFA9-40C719C432DC}.Debug|Any CPU.ActiveCfg = Debug|Any CPU
		{012D5570-61D3-4E5B-BFA9-40C719C432DC}.Debug|Any CPU.Build.0 = Debug|Any CPU
		{012D5570-61D3-4E5B-BFA9-40C719C432DC}.Release|Any CPU.ActiveCfg = Release|Any CPU
		{012D5570-61D3-4E5B-BFA9-40C719C432DC}.Release|Any CPU.Build.0 = Release|Any CPU
	EndGlobalSection
	GlobalSection(MonoDevelopProperties) = preSolution
		StartupItem = Tortilla\Tortilla.csproj
	EndGlobalSection
EndGlobal
